
Microsoft Visual Studio Solution File, Format Version 12.00
# Visual Studio Version 16
VisualStudioVersion = 16.0.29728.190
MinimumVisualStudioVersion = 10.0.40219.1
Project("{9A19103F-16F7-4668-BE54-9A1E7A4F7556}") = "LAB_1(OS)", "LAB_1(OS)\LAB_1(OS).csproj", "{4A7CDEA1-3110-41AF-B7AD-7C0B387DBC58}"
EndProject
Project("{FAE04EC0-301F-11D3-BF4B-00C04F79EFBC}") = "LAB_1(OS)Tests", "LAB_1(OS)Tests\LAB_1(OS)Tests.csproj", "{A5783699-40B5-40A7-AF0A-5B6FD306397D}"
EndProject
Global
	GlobalSection(SolutionConfigurationPlatforms) = preSolution
		Debug|Any CPU = Debug|Any CPU
		Release|Any CPU = Release|Any CPU
	EndGlobalSection
	GlobalSection(ProjectConfigurationPlatforms) = postSolution
		{4A7CDEA1-3110-41AF-B7AD-7C0B387DBC58}.Debug|Any CPU.ActiveCfg = Debug|Any CPU
		{4A7CDEA1-3110-41AF-B7AD-7C0B387DBC58}.Debug|Any CPU.Build.0 = Debug|Any CPU
		{4A7CDEA1-3110-41AF-B7AD-7C0B387DBC58}.Release|Any CPU.ActiveCfg = Release|Any CPU
		{4A7CDEA1-3110-41AF-B7AD-7C0B387DBC58}.Release|Any CPU.Build.0 = Release|Any CPU
		{A5783699-40B5-40A7-AF0A-5B6FD306397D}.Debug|Any CPU.ActiveCfg = Debug|Any CPU
		{A5783699-40B5-40A7-AF0A-5B6FD306397D}.Debug|Any CPU.Build.0 = Debug|Any CPU
		{A5783699-40B5-40A7-AF0A-5B6FD306397D}.Release|Any CPU.ActiveCfg = Release|Any CPU
		{A5783699-40B5-40A7-AF0A-5B6FD306397D}.Release|Any CPU.Build.0 = Release|Any CPU
	EndGlobalSection
	GlobalSection(SolutionProperties) = preSolution
		HideSolutionNode = FALSE
	EndGlobalSection
	GlobalSection(ExtensibilityGlobals) = postSolution
		SolutionGuid = {763D4D8A-C656-4F19-9569-C66289932645}
	EndGlobalSection
EndGlobal
